
Microsoft Visual Studio Solution File, Format Version 12.00
# Visual Studio Version 17
VisualStudioVersion = 17.13.35931.197
MinimumVisualStudioVersion = 10.0.40219.1
Project("{FAE04EC0-301F-11D3-BF4B-00C04F79EFBC}") = "Api", "Api\Api.csproj", "{9A4F93B5-750E-49C7-BE49-07AC68D879C2}"
EndProject
Project("{2150E333-8FDC-42A3-9474-1A3956D46DE8}") = "SolutionItems", "SolutionItems", "{C8D5274F-AC00-46C7-1F8D-E88E81087A52}"
	ProjectSection(SolutionItems) = preProject
		.dockerignore = .dockerignore
		.gitattributes = .gitattributes
		.gitignore = .gitignore
		LICENSE.txt = LICENSE.txt
		README.md = README.md
	EndProjectSection
EndProject
Global
	GlobalSection(SolutionConfigurationPlatforms) = preSolution
		Debug|Any CPU = Debug|Any CPU
		Release|Any CPU = Release|Any CPU
	EndGlobalSection
	GlobalSection(ProjectConfigurationPlatforms) = postSolution
		{9A4F93B5-750E-49C7-BE49-07AC68D879C2}.Debug|Any CPU.ActiveCfg = Debug|Any CPU
		{9A4F93B5-750E-49C7-BE49-07AC68D879C2}.Debug|Any CPU.Build.0 = Debug|Any CPU
		{9A4F93B5-750E-49C7-BE49-07AC68D879C2}.Release|Any CPU.ActiveCfg = Release|Any CPU
		{9A4F93B5-750E-49C7-BE49-07AC68D879C2}.Release|Any CPU.Build.0 = Release|Any CPU
	EndGlobalSection
	GlobalSection(SolutionProperties) = preSolution
		HideSolutionNode = FALSE
	EndGlobalSection
	GlobalSection(ExtensibilityGlobals) = postSolution
		SolutionGuid = {2B216F96-36F9-4E5D-B789-06B52A1192C1}
	EndGlobalSection
EndGlobal
